
Microsoft Visual Studio Solution File, Format Version 12.00
# Visual Studio 15
VisualStudioVersion = 15.0.27428.2037
MinimumVisualStudioVersion = 10.0.40219.1
Project("{FAE04EC0-301F-11D3-BF4B-00C04F79EFBC}") = "WPF_New_Students", "WPF_New_Students\WPF_New_Students.csproj", "{AD0E144D-5209-4B92-9CF0-B942E8CDC888}"
EndProject
Global
	GlobalSection(SolutionConfigurationPlatforms) = preSolution
		Debug|Any CPU = Debug|Any CPU
		Release|Any CPU = Release|Any CPU
	EndGlobalSection
	GlobalSection(ProjectConfigurationPlatforms) = postSolution
		{AD0E144D-5209-4B92-9CF0-B942E8CDC888}.Debug|Any CPU.ActiveCfg = Debug|Any CPU
		{AD0E144D-5209-4B92-9CF0-B942E8CDC888}.Debug|Any CPU.Build.0 = Debug|Any CPU
		{AD0E144D-5209-4B92-9CF0-B942E8CDC888}.Release|Any CPU.ActiveCfg = Release|Any CPU
		{AD0E144D-5209-4B92-9CF0-B942E8CDC888}.Release|Any CPU.Build.0 = Release|Any CPU
	EndGlobalSection
	GlobalSection(SolutionProperties) = preSolution
		HideSolutionNode = FALSE
	EndGlobalSection
	GlobalSection(ExtensibilityGlobals) = postSolution
		SolutionGuid = {D91A6D91-E516-45FD-AE21-3B14C6679624}
	EndGlobalSection
EndGlobal
